// !$*UTF8*$!
{
	archiveVersion = 1;
	classes = {
	};
	objectVersion = 46;
	objects = {

/* Begin PBXBuildFile section */
		743FEA5D1840480B00F3162A /* Foundation.framework in Frameworks */ = {isa = PBXBuildFile; fileRef = 743FEA5C1840480B00F3162A /* Foundation.framework */; };
		743FEA5F1840480B00F3162A /* CoreGraphics.framework in Frameworks */ = {isa = PBXBuildFile; fileRef = 743FEA5E1840480B00F3162A /* CoreGraphics.framework */; };
		743FEA611840480B00F3162A /* UIKit.framework in Frameworks */ = {isa = PBXBuildFile; fileRef = 743FEA601840480B00F3162A /* UIKit.framework */; };
		743FEA671840480B00F3162A /* InfoPlist.strings in Resources */ = {isa = PBXBuildFile; fileRef = 743FEA651840480B00F3162A /* InfoPlist.strings */; };
		743FEA691840480B00F3162A /* main.m in Sources */ = {isa = PBXBuildFile; fileRef = 743FEA681840480B00F3162A /* main.m */; };
		743FEA6D1840480B00F3162A /* AppDelegate.m in Sources */ = {isa = PBXBuildFile; fileRef = 743FEA6C1840480B00F3162A /* AppDelegate.m */; };
		743FEA701840480B00F3162A /* Main.storyboard in Resources */ = {isa = PBXBuildFile; fileRef = 743FEA6E1840480B00F3162A /* Main.storyboard */; };
		743FEA751840480B00F3162A /* Images.xcassets in Resources */ = {isa = PBXBuildFile; fileRef = 743FEA741840480B00F3162A /* Images.xcassets */; };
		743FEA7C1840480B00F3162A /* XCTest.framework in Frameworks */ = {isa = PBXBuildFile; fileRef = 743FEA7B1840480B00F3162A /* XCTest.framework */; };
		743FEA7D1840480B00F3162A /* Foundation.framework in Frameworks */ = {isa = PBXBuildFile; fileRef = 743FEA5C1840480B00F3162A /* Foundation.framework */; };
		743FEA7E1840480B00F3162A /* UIKit.framework in Frameworks */ = {isa = PBXBuildFile; fileRef = 743FEA601840480B00F3162A /* UIKit.framework */; };
		743FEA861840480B00F3162A /* InfoPlist.strings in Resources */ = {isa = PBXBuildFile; fileRef = 743FEA841840480B00F3162A /* InfoPlist.strings */; };
		743FEA881840480B00F3162A /* qrrestaurantTests.m in Sources */ = {isa = PBXBuildFile; fileRef = 743FEA871840480B00F3162A /* qrrestaurantTests.m */; };
		743FEAA718408D5900F3162A /* Players@2x.png in Resources */ = {isa = PBXBuildFile; fileRef = 743FEAA618408D5900F3162A /* Players@2x.png */; };
		743FEAA918408D9300F3162A /* Gestures@2x.png in Resources */ = {isa = PBXBuildFile; fileRef = 743FEAA818408D9300F3162A /* Gestures@2x.png */; };
		743FEAAD184094D600F3162A /* InitailViewController.mm in Sources */ = {isa = PBXBuildFile; fileRef = 743FEAAC184094D600F3162A /* InitailViewController.mm */; };
		743FEAB01840975300F3162A /* MyOrdersViewController.m in Sources */ = {isa = PBXBuildFile; fileRef = 743FEAAF1840975300F3162A /* MyOrdersViewController.m */; };
		74C1BB2818471606009E44A2 /* icon.png in Resources */ = {isa = PBXBuildFile; fileRef = 74C1BB2718471606009E44A2 /* icon.png */; };
		74C1BB2A184738C5009E44A2 /* RecommendCell.xib in Resources */ = {isa = PBXBuildFile; fileRef = 74C1BB29184738C5009E44A2 /* RecommendCell.xib */; };
		74C1BB2D184738D5009E44A2 /* RecommendCell.m in Sources */ = {isa = PBXBuildFile; fileRef = 74C1BB2C184738D5009E44A2 /* RecommendCell.m */; };
		74C1BB3318473B63009E44A2 /* RecommendDishes.m in Sources */ = {isa = PBXBuildFile; fileRef = 74C1BB3218473B63009E44A2 /* RecommendDishes.m */; };
		74C1BB3518473E21009E44A2 /* item1.png in Resources */ = {isa = PBXBuildFile; fileRef = 74C1BB3418473E21009E44A2 /* item1.png */; };
		74C1BB3718473E5A009E44A2 /* item2.png in Resources */ = {isa = PBXBuildFile; fileRef = 74C1BB3618473E5A009E44A2 /* item2.png */; };
		74C1BB3918473E96009E44A2 /* item3.png in Resources */ = {isa = PBXBuildFile; fileRef = 74C1BB3818473E96009E44A2 /* item3.png */; };
		74E102BB184840820045262D /* DishDetailsView.xib in Resources */ = {isa = PBXBuildFile; fileRef = 74E102BA184840810045262D /* DishDetailsView.xib */; };
		74E102BE1848427C0045262D /* DishDetailsView.m in Sources */ = {isa = PBXBuildFile; fileRef = 74E102BD1848427C0045262D /* DishDetailsView.m */; };
		74EC142D18458D070017CAD2 /* CategoryCell.xib in Resources */ = {isa = PBXBuildFile; fileRef = 74EC142A18458D070017CAD2 /* CategoryCell.xib */; };
		74EC142E18458D070017CAD2 /* FullDishesCell.xib in Resources */ = {isa = PBXBuildFile; fileRef = 74EC142B18458D070017CAD2 /* FullDishesCell.xib */; };
		74EC142F18458D070017CAD2 /* MostOrderedCell.xib in Resources */ = {isa = PBXBuildFile; fileRef = 74EC142C18458D070017CAD2 /* MostOrderedCell.xib */; };
		74EDD0C618445003007951EE /* Globle.m in Sources */ = {isa = PBXBuildFile; fileRef = 74EDD0C118445003007951EE /* Globle.m */; };
		74EDD0C718445003007951EE /* RootScrollView.m in Sources */ = {isa = PBXBuildFile; fileRef = 74EDD0C318445003007951EE /* RootScrollView.m */; };
		74EDD0C818445003007951EE /* TopScrollView.m in Sources */ = {isa = PBXBuildFile; fileRef = 74EDD0C518445003007951EE /* TopScrollView.m */; };
		74EDD0CB18445106007951EE /* MenuListViewController.m in Sources */ = {isa = PBXBuildFile; fileRef = 74EDD0CA18445106007951EE /* MenuListViewController.m */; };
		74EDD0CF1844513F007951EE /* red_line_and_shadow.png in Resources */ = {isa = PBXBuildFile; fileRef = 74EDD0CC1844513F007951EE /* red_line_and_shadow.png */; };
		74EDD0D01844513F007951EE /* top_background.png in Resources */ = {isa = PBXBuildFile; fileRef = 74EDD0CD1844513F007951EE /* top_background.png */; };
		74EDD0D11844513F007951EE /* top_channelbutton_shadow.png in Resources */ = {isa = PBXBuildFile; fileRef = 74EDD0CE1844513F007951EE /* top_channelbutton_shadow.png */; };
		74EDD0D51844749C007951EE /* MostOrdered.m in Sources */ = {isa = PBXBuildFile; fileRef = 74EDD0D41844749C007951EE /* MostOrdered.m */; };
		74EDD0D9184483BF007951EE /* MostOrderedCell.m in Sources */ = {isa = PBXBuildFile; fileRef = 74EDD0D8184483BF007951EE /* MostOrderedCell.m */; };
		74EDD0DC18448900007951EE /* CategoryList.m in Sources */ = {isa = PBXBuildFile; fileRef = 74EDD0DB18448900007951EE /* CategoryList.m */; };
		74EDD0DF18448923007951EE /* FullDishesList.m in Sources */ = {isa = PBXBuildFile; fileRef = 74EDD0DE18448923007951EE /* FullDishesList.m */; };
		74EDD0E218448975007951EE /* CategoryCell.m in Sources */ = {isa = PBXBuildFile; fileRef = 74EDD0E118448975007951EE /* CategoryCell.m */; };
		74EDD0E518449131007951EE /* FullDishesCell.m in Sources */ = {isa = PBXBuildFile; fileRef = 74EDD0E418449131007951EE /* FullDishesCell.m */; };
		74F4AF3E1851AE8B0028E6D4 /* AVFoundation.framework in Frameworks */ = {isa = PBXBuildFile; fileRef = 74F4AF3D1851AE8B0028E6D4 /* AVFoundation.framework */; };
		74F4AF401851AE910028E6D4 /* AudioToolbox.framework in Frameworks */ = {isa = PBXBuildFile; fileRef = 74F4AF3F1851AE910028E6D4 /* AudioToolbox.framework */; };
		74F4AF421851AE970028E6D4 /* CoreVideo.framework in Frameworks */ = {isa = PBXBuildFile; fileRef = 74F4AF411851AE970028E6D4 /* CoreVideo.framework */; };
		74F4AF441851AEA30028E6D4 /* CoreMedia.framework in Frameworks */ = {isa = PBXBuildFile; fileRef = 74F4AF431851AEA30028E6D4 /* CoreMedia.framework */; };
		74F4AF461851AEA90028E6D4 /* libiconv.dylib in Frameworks */ = {isa = PBXBuildFile; fileRef = 74F4AF451851AEA90028E6D4 /* libiconv.dylib */; };
		74F4AF491851AEB00028E6D4 /* AddressBook.framework in Frameworks */ = {isa = PBXBuildFile; fileRef = 74F4AF471851AEB00028E6D4 /* AddressBook.framework */; };
		74F4AF4A1851AEB00028E6D4 /* AddressBookUI.framework in Frameworks */ = {isa = PBXBuildFile; fileRef = 74F4AF481851AEB00028E6D4 /* AddressBookUI.framework */; };
		74F4AF4B1851AEB90028E6D4 /* libZXingWidget.a in Frameworks */ = {isa = PBXBuildFile; fileRef = 74F4AF2D185183D30028E6D4 /* libZXingWidget.a */; };
		74F4AF4D1851B3CD0028E6D4 /* 320x480_bgImg.png in Resources */ = {isa = PBXBuildFile; fileRef = 74F4AF4C1851B3CD0028E6D4 /* 320x480_bgImg.png */; };
/* End PBXBuildFile section */

/* Begin PBXContainerItemProxy section */
		743FEA7F1840480B00F3162A /* PBXContainerItemProxy */ = {
			isa = PBXContainerItemProxy;
			containerPortal = 743FEA511840480B00F3162A /* Project object */;
			proxyType = 1;
			remoteGlobalIDString = 743FEA581840480B00F3162A;
			remoteInfo = qrrestaurant;
		};
		74F4AF2C185183D30028E6D4 /* PBXContainerItemProxy */ = {
			isa = PBXContainerItemProxy;
			containerPortal = 74F4AF27185183D20028E6D4 /* ZXingWidget.xcodeproj */;
			proxyType = 2;
			remoteGlobalIDString = D2AAC07E0554694100DB518D;
			remoteInfo = ZXingWidget;
		};
		74F4AF2E185183D30028E6D4 /* PBXContainerItemProxy */ = {
			isa = PBXContainerItemProxy;
			containerPortal = 74F4AF27185183D20028E6D4 /* ZXingWidget.xcodeproj */;
			proxyType = 2;
			remoteGlobalIDString = 1D60398D13DF7CAD006F4B51;
			remoteInfo = ZXingTests;
		};
		74F4AF3B1851AE7E0028E6D4 /* PBXContainerItemProxy */ = {
			isa = PBXContainerItemProxy;
			containerPortal = 74F4AF27185183D20028E6D4 /* ZXingWidget.xcodeproj */;
			proxyType = 1;
			remoteGlobalIDString = D2AAC07D0554694100DB518D;
			remoteInfo = ZXingWidget;
		};
/* End PBXContainerItemProxy section */

/* Begin PBXFileReference section */
		743FEA591840480B00F3162A /* qrrestaurant.app */ = {isa = PBXFileReference; explicitFileType = wrapper.application; includeInIndex = 0; path = qrrestaurant.app; sourceTree = BUILT_PRODUCTS_DIR; };
		743FEA5C1840480B00F3162A /* Foundation.framework */ = {isa = PBXFileReference; lastKnownFileType = wrapper.framework; name = Foundation.framework; path = System/Library/Frameworks/Foundation.framework; sourceTree = SDKROOT; };
		743FEA5E1840480B00F3162A /* CoreGraphics.framework */ = {isa = PBXFileReference; lastKnownFileType = wrapper.framework; name = CoreGraphics.framework; path = System/Library/Frameworks/CoreGraphics.framework; sourceTree = SDKROOT; };
		743FEA601840480B00F3162A /* UIKit.framework */ = {isa = PBXFileReference; lastKnownFileType = wrapper.framework; name = UIKit.framework; path = System/Library/Frameworks/UIKit.framework; sourceTree = SDKROOT; };
		743FEA641840480B00F3162A /* qrrestaurant-Info.plist */ = {isa = PBXFileReference; lastKnownFileType = text.plist.xml; path = "qrrestaurant-Info.plist"; sourceTree = "<group>"; };
		743FEA661840480B00F3162A /* en */ = {isa = PBXFileReference; lastKnownFileType = text.plist.strings; name = en; path = en.lproj/InfoPlist.strings; sourceTree = "<group>"; };
		743FEA681840480B00F3162A /* main.m */ = {isa = PBXFileReference; lastKnownFileType = sourcecode.c.objc; path = main.m; sourceTree = "<group>"; };
		743FEA6A1840480B00F3162A /* qrrestaurant-Prefix.pch */ = {isa = PBXFileReference; lastKnownFileType = sourcecode.c.h; path = "qrrestaurant-Prefix.pch"; sourceTree = "<group>"; };
		743FEA6B1840480B00F3162A /* AppDelegate.h */ = {isa = PBXFileReference; lastKnownFileType = sourcecode.c.h; path = AppDelegate.h; sourceTree = "<group>"; };
		743FEA6C1840480B00F3162A /* AppDelegate.m */ = {isa = PBXFileReference; lastKnownFileType = sourcecode.c.objc; path = AppDelegate.m; sourceTree = "<group>"; };
		743FEA6F1840480B00F3162A /* Base */ = {isa = PBXFileReference; lastKnownFileType = file.storyboard; name = Base; path = Base.lproj/Main.storyboard; sourceTree = "<group>"; };
		743FEA741840480B00F3162A /* Images.xcassets */ = {isa = PBXFileReference; lastKnownFileType = folder.assetcatalog; path = Images.xcassets; sourceTree = "<group>"; };
		743FEA7A1840480B00F3162A /* qrrestaurantTests.xctest */ = {isa = PBXFileReference; explicitFileType = wrapper.cfbundle; includeInIndex = 0; path = qrrestaurantTests.xctest; sourceTree = BUILT_PRODUCTS_DIR; };
		743FEA7B1840480B00F3162A /* XCTest.framework */ = {isa = PBXFileReference; lastKnownFileType = wrapper.framework; name = XCTest.framework; path = Library/Frameworks/XCTest.framework; sourceTree = DEVELOPER_DIR; };
		743FEA831840480B00F3162A /* qrrestaurantTests-Info.plist */ = {isa = PBXFileReference; lastKnownFileType = text.plist.xml; path = "qrrestaurantTests-Info.plist"; sourceTree = "<group>"; };
		743FEA851840480B00F3162A /* en */ = {isa = PBXFileReference; lastKnownFileType = text.plist.strings; name = en; path = en.lproj/InfoPlist.strings; sourceTree = "<group>"; };
		743FEA871840480B00F3162A /* qrrestaurantTests.m */ = {isa = PBXFileReference; lastKnownFileType = sourcecode.c.objc; path = qrrestaurantTests.m; sourceTree = "<group>"; };
		743FEAA618408D5900F3162A /* Players@2x.png */ = {isa = PBXFileReference; lastKnownFileType = image.png; path = "Players@2x.png"; sourceTree = "<group>"; };
		743FEAA818408D9300F3162A /* Gestures@2x.png */ = {isa = PBXFileReference; lastKnownFileType = image.png; path = "Gestures@2x.png"; sourceTree = "<group>"; };
		743FEAAB184094D600F3162A /* InitailViewController.h */ = {isa = PBXFileReference; fileEncoding = 4; lastKnownFileType = sourcecode.c.h; path = InitailViewController.h; sourceTree = "<group>"; };
		743FEAAC184094D600F3162A /* InitailViewController.mm */ = {isa = PBXFileReference; fileEncoding = 4; lastKnownFileType = sourcecode.cpp.objcpp; path = InitailViewController.mm; sourceTree = "<group>"; };
		743FEAAE1840975300F3162A /* MyOrdersViewController.h */ = {isa = PBXFileReference; fileEncoding = 4; lastKnownFileType = sourcecode.c.h; path = MyOrdersViewController.h; sourceTree = "<group>"; };
		743FEAAF1840975300F3162A /* MyOrdersViewController.m */ = {isa = PBXFileReference; fileEncoding = 4; lastKnownFileType = sourcecode.c.objc; path = MyOrdersViewController.m; sourceTree = "<group>"; };
		74C1BB2718471606009E44A2 /* icon.png */ = {isa = PBXFileReference; lastKnownFileType = image.png; name = icon.png; path = images/icon.png; sourceTree = "<group>"; };
		74C1BB29184738C5009E44A2 /* RecommendCell.xib */ = {isa = PBXFileReference; fileEncoding = 4; lastKnownFileType = file.xib; path = RecommendCell.xib; sourceTree = "<group>"; };
		74C1BB2B184738D5009E44A2 /* RecommendCell.h */ = {isa = PBXFileReference; fileEncoding = 4; lastKnownFileType = sourcecode.c.h; path = RecommendCell.h; sourceTree = "<group>"; };
		74C1BB2C184738D5009E44A2 /* RecommendCell.m */ = {isa = PBXFileReference; fileEncoding = 4; lastKnownFileType = sourcecode.c.objc; path = RecommendCell.m; sourceTree = "<group>"; };
		74C1BB3118473B63009E44A2 /* RecommendDishes.h */ = {isa = PBXFileReference; fileEncoding = 4; lastKnownFileType = sourcecode.c.h; path = RecommendDishes.h; sourceTree = "<group>"; };
		74C1BB3218473B63009E44A2 /* RecommendDishes.m */ = {isa = PBXFileReference; fileEncoding = 4; lastKnownFileType = sourcecode.c.objc; path = RecommendDishes.m; sourceTree = "<group>"; };
		74C1BB3418473E21009E44A2 /* item1.png */ = {isa = PBXFileReference; lastKnownFileType = image.png; path = item1.png; sourceTree = "<group>"; };
		74C1BB3618473E5A009E44A2 /* item2.png */ = {isa = PBXFileReference; lastKnownFileType = image.png; path = item2.png; sourceTree = "<group>"; };
		74C1BB3818473E96009E44A2 /* item3.png */ = {isa = PBXFileReference; lastKnownFileType = image.png; path = item3.png; sourceTree = "<group>"; };
		74E102BA184840810045262D /* DishDetailsView.xib */ = {isa = PBXFileReference; fileEncoding = 4; lastKnownFileType = file.xib; path = DishDetailsView.xib; sourceTree = "<group>"; };
		74E102BC1848427C0045262D /* DishDetailsView.h */ = {isa = PBXFileReference; fileEncoding = 4; lastKnownFileType = sourcecode.c.h; path = DishDetailsView.h; sourceTree = "<group>"; };
		74E102BD1848427C0045262D /* DishDetailsView.m */ = {isa = PBXFileReference; fileEncoding = 4; lastKnownFileType = sourcecode.c.objc; path = DishDetailsView.m; sourceTree = "<group>"; };
		74EC142A18458D070017CAD2 /* CategoryCell.xib */ = {isa = PBXFileReference; fileEncoding = 4; lastKnownFileType = file.xib; path = CategoryCell.xib; sourceTree = "<group>"; };
		74EC142B18458D070017CAD2 /* FullDishesCell.xib */ = {isa = PBXFileReference; fileEncoding = 4; lastKnownFileType = file.xib; path = FullDishesCell.xib; sourceTree = "<group>"; };
		74EC142C18458D070017CAD2 /* MostOrderedCell.xib */ = {isa = PBXFileReference; fileEncoding = 4; lastKnownFileType = file.xib; path = MostOrderedCell.xib; sourceTree = "<group>"; };
		74EDD0C018445003007951EE /* Globle.h */ = {isa = PBXFileReference; fileEncoding = 4; lastKnownFileType = sourcecode.c.h; path = Globle.h; sourceTree = "<group>"; };
		74EDD0C118445003007951EE /* Globle.m */ = {isa = PBXFileReference; fileEncoding = 4; lastKnownFileType = sourcecode.c.objc; path = Globle.m; sourceTree = "<group>"; };
		74EDD0C218445003007951EE /* RootScrollView.h */ = {isa = PBXFileReference; fileEncoding = 4; lastKnownFileType = sourcecode.c.h; path = RootScrollView.h; sourceTree = "<group>"; };
		74EDD0C318445003007951EE /* RootScrollView.m */ = {isa = PBXFileReference; fileEncoding = 4; lastKnownFileType = sourcecode.c.objc; path = RootScrollView.m; sourceTree = "<group>"; };
		74EDD0C418445003007951EE /* TopScrollView.h */ = {isa = PBXFileReference; fileEncoding = 4; lastKnownFileType = sourcecode.c.h; path = TopScrollView.h; sourceTree = "<group>"; };
		74EDD0C518445003007951EE /* TopScrollView.m */ = {isa = PBXFileReference; fileEncoding = 4; lastKnownFileType = sourcecode.c.objc; path = TopScrollView.m; sourceTree = "<group>"; };
		74EDD0C918445106007951EE /* MenuListViewController.h */ = {isa = PBXFileReference; fileEncoding = 4; lastKnownFileType = sourcecode.c.h; path = MenuListViewController.h; sourceTree = "<group>"; };
		74EDD0CA18445106007951EE /* MenuListViewController.m */ = {isa = PBXFileReference; fileEncoding = 4; lastKnownFileType = sourcecode.c.objc; path = MenuListViewController.m; sourceTree = "<group>"; };
		74EDD0CC1844513F007951EE /* red_line_and_shadow.png */ = {isa = PBXFileReference; lastKnownFileType = image.png; path = red_line_and_shadow.png; sourceTree = "<group>"; };
		74EDD0CD1844513F007951EE /* top_background.png */ = {isa = PBXFileReference; lastKnownFileType = image.png; path = top_background.png; sourceTree = "<group>"; };
		74EDD0CE1844513F007951EE /* top_channelbutton_shadow.png */ = {isa = PBXFileReference; lastKnownFileType = image.png; path = top_channelbutton_shadow.png; sourceTree = "<group>"; };
		74EDD0D31844749C007951EE /* MostOrdered.h */ = {isa = PBXFileReference; fileEncoding = 4; lastKnownFileType = sourcecode.c.h; path = MostOrdered.h; sourceTree = "<group>"; };
		74EDD0D41844749C007951EE /* MostOrdered.m */ = {isa = PBXFileReference; fileEncoding = 4; lastKnownFileType = sourcecode.c.objc; path = MostOrdered.m; sourceTree = "<group>"; };
		74EDD0D7184483BF007951EE /* MostOrderedCell.h */ = {isa = PBXFileReference; fileEncoding = 4; lastKnownFileType = sourcecode.c.h; path = MostOrderedCell.h; sourceTree = "<group>"; };
		74EDD0D8184483BF007951EE /* MostOrderedCell.m */ = {isa = PBXFileReference; fileEncoding = 4; lastKnownFileType = sourcecode.c.objc; path = MostOrderedCell.m; sourceTree = "<group>"; };
		74EDD0DA18448900007951EE /* CategoryList.h */ = {isa = PBXFileReference; fileEncoding = 4; lastKnownFileType = sourcecode.c.h; path = CategoryList.h; sourceTree = "<group>"; };
		74EDD0DB18448900007951EE /* CategoryList.m */ = {isa = PBXFileReference; fileEncoding = 4; lastKnownFileType = sourcecode.c.objc; path = CategoryList.m; sourceTree = "<group>"; };
		74EDD0DD18448923007951EE /* FullDishesList.h */ = {isa = PBXFileReference; fileEncoding = 4; lastKnownFileType = sourcecode.c.h; path = FullDishesList.h; sourceTree = "<group>"; };
		74EDD0DE18448923007951EE /* FullDishesList.m */ = {isa = PBXFileReference; fileEncoding = 4; lastKnownFileType = sourcecode.c.objc; path = FullDishesList.m; sourceTree = "<group>"; };
		74EDD0E018448975007951EE /* CategoryCell.h */ = {isa = PBXFileReference; fileEncoding = 4; lastKnownFileType = sourcecode.c.h; path = CategoryCell.h; sourceTree = "<group>"; };
		74EDD0E118448975007951EE /* CategoryCell.m */ = {isa = PBXFileReference; fileEncoding = 4; lastKnownFileType = sourcecode.c.objc; path = CategoryCell.m; sourceTree = "<group>"; };
		74EDD0E318449131007951EE /* FullDishesCell.h */ = {isa = PBXFileReference; fileEncoding = 4; lastKnownFileType = sourcecode.c.h; path = FullDishesCell.h; sourceTree = "<group>"; };
		74EDD0E418449131007951EE /* FullDishesCell.m */ = {isa = PBXFileReference; fileEncoding = 4; lastKnownFileType = sourcecode.c.objc; path = FullDishesCell.m; sourceTree = "<group>"; };
		74F4AF27185183D20028E6D4 /* ZXingWidget.xcodeproj */ = {isa = PBXFileReference; lastKnownFileType = "wrapper.pb-project"; name = ZXingWidget.xcodeproj; path = zxing/iphone/ZXingWidget/ZXingWidget.xcodeproj; sourceTree = SOURCE_ROOT; };
		74F4AF3D1851AE8B0028E6D4 /* AVFoundation.framework */ = {isa = PBXFileReference; lastKnownFileType = wrapper.framework; name = AVFoundation.framework; path = System/Library/Frameworks/AVFoundation.framework; sourceTree = SDKROOT; };
		74F4AF3F1851AE910028E6D4 /* AudioToolbox.framework */ = {isa = PBXFileReference; lastKnownFileType = wrapper.framework; name = AudioToolbox.framework; path = System/Library/Frameworks/AudioToolbox.framework; sourceTree = SDKROOT; };
		74F4AF411851AE970028E6D4 /* CoreVideo.framework */ = {isa = PBXFileReference; lastKnownFileType = wrapper.framework; name = CoreVideo.framework; path = System/Library/Frameworks/CoreVideo.framework; sourceTree = SDKROOT; };
		74F4AF431851AEA30028E6D4 /* CoreMedia.framework */ = {isa = PBXFileReference; lastKnownFileType = wrapper.framework; name = CoreMedia.framework; path = System/Library/Frameworks/CoreMedia.framework; sourceTree = SDKROOT; };
		74F4AF451851AEA90028E6D4 /* libiconv.dylib */ = {isa = PBXFileReference; lastKnownFileType = "compiled.mach-o.dylib"; name = libiconv.dylib; path = usr/lib/libiconv.dylib; sourceTree = SDKROOT; };
		74F4AF471851AEB00028E6D4 /* AddressBook.framework */ = {isa = PBXFileReference; lastKnownFileType = wrapper.framework; name = AddressBook.framework; path = System/Library/Frameworks/AddressBook.framework; sourceTree = SDKROOT; };
		74F4AF481851AEB00028E6D4 /* AddressBookUI.framework */ = {isa = PBXFileReference; lastKnownFileType = wrapper.framework; name = AddressBookUI.framework; path = System/Library/Frameworks/AddressBookUI.framework; sourceTree = SDKROOT; };
		74F4AF4C1851B3CD0028E6D4 /* 320x480_bgImg.png */ = {isa = PBXFileReference; lastKnownFileType = image.png; path = 320x480_bgImg.png; sourceTree = "<group>"; };
/* End PBXFileReference section */

/* Begin PBXFrameworksBuildPhase section */
		743FEA561840480B00F3162A /* Frameworks */ = {
			isa = PBXFrameworksBuildPhase;
			buildActionMask = 2147483647;
			files = (
				74F4AF4B1851AEB90028E6D4 /* libZXingWidget.a in Frameworks */,
				74F4AF491851AEB00028E6D4 /* AddressBook.framework in Frameworks */,
				74F4AF4A1851AEB00028E6D4 /* AddressBookUI.framework in Frameworks */,
				74F4AF461851AEA90028E6D4 /* libiconv.dylib in Frameworks */,
				74F4AF441851AEA30028E6D4 /* CoreMedia.framework in Frameworks */,
				74F4AF421851AE970028E6D4 /* CoreVideo.framework in Frameworks */,
				74F4AF401851AE910028E6D4 /* AudioToolbox.framework in Frameworks */,
				74F4AF3E1851AE8B0028E6D4 /* AVFoundation.framework in Frameworks */,
				743FEA5F1840480B00F3162A /* CoreGraphics.framework in Frameworks */,
				743FEA611840480B00F3162A /* UIKit.framework in Frameworks */,
				743FEA5D1840480B00F3162A /* Foundation.framework in Frameworks */,
			);
			runOnlyForDeploymentPostprocessing = 0;
		};
		743FEA771840480B00F3162A /* Frameworks */ = {
			isa = PBXFrameworksBuildPhase;
			buildActionMask = 2147483647;
			files = (
				743FEA7C1840480B00F3162A /* XCTest.framework in Frameworks */,
				743FEA7E1840480B00F3162A /* UIKit.framework in Frameworks */,
				743FEA7D1840480B00F3162A /* Foundation.framework in Frameworks */,
			);
			runOnlyForDeploymentPostprocessing = 0;
		};
/* End PBXFrameworksBuildPhase section */

/* Begin PBXGroup section */
		743FEA501840480B00F3162A = {
			isa = PBXGroup;
			children = (
				743FEA621840480B00F3162A /* qrrestaurant */,
				743FEA811840480B00F3162A /* qrrestaurantTests */,
				743FEA5B1840480B00F3162A /* Frameworks */,
				743FEA5A1840480B00F3162A /* Products */,
			);
			sourceTree = "<group>";
		};
		743FEA5A1840480B00F3162A /* Products */ = {
			isa = PBXGroup;
			children = (
				743FEA591840480B00F3162A /* qrrestaurant.app */,
				743FEA7A1840480B00F3162A /* qrrestaurantTests.xctest */,
			);
			name = Products;
			sourceTree = "<group>";
		};
		743FEA5B1840480B00F3162A /* Frameworks */ = {
			isa = PBXGroup;
			children = (
				74F4AF471851AEB00028E6D4 /* AddressBook.framework */,
				74F4AF481851AEB00028E6D4 /* AddressBookUI.framework */,
				74F4AF451851AEA90028E6D4 /* libiconv.dylib */,
				74F4AF431851AEA30028E6D4 /* CoreMedia.framework */,
				74F4AF411851AE970028E6D4 /* CoreVideo.framework */,
				74F4AF3F1851AE910028E6D4 /* AudioToolbox.framework */,
				74F4AF3D1851AE8B0028E6D4 /* AVFoundation.framework */,
				743FEA5C1840480B00F3162A /* Foundation.framework */,
				743FEA5E1840480B00F3162A /* CoreGraphics.framework */,
				743FEA601840480B00F3162A /* UIKit.framework */,
				743FEA7B1840480B00F3162A /* XCTest.framework */,
			);
			name = Frameworks;
			sourceTree = "<group>";
		};
		743FEA621840480B00F3162A /* qrrestaurant */ = {
			isa = PBXGroup;
			children = (
				74F4AF27185183D20028E6D4 /* ZXingWidget.xcodeproj */,
				74EDD0D6184483A6007951EE /* Cell */,
				74EDD0D21844739B007951EE /* TableView */,
				74EDD0BE18445003007951EE /* Vendor */,
				743FEAAA184094C300F3162A /* ViewController */,
				743FEA9B18408AF300F3162A /* images */,
				743FEA6B1840480B00F3162A /* AppDelegate.h */,
				743FEA6C1840480B00F3162A /* AppDelegate.m */,
				743FEA6E1840480B00F3162A /* Main.storyboard */,
				743FEA741840480B00F3162A /* Images.xcassets */,
				743FEA631840480B00F3162A /* Supporting Files */,
			);
			path = qrrestaurant;
			sourceTree = "<group>";
		};
		743FEA631840480B00F3162A /* Supporting Files */ = {
			isa = PBXGroup;
			children = (
				74C1BB2718471606009E44A2 /* icon.png */,
				743FEA641840480B00F3162A /* qrrestaurant-Info.plist */,
				743FEA651840480B00F3162A /* InfoPlist.strings */,
				743FEA681840480B00F3162A /* main.m */,
				743FEA6A1840480B00F3162A /* qrrestaurant-Prefix.pch */,
			);
			name = "Supporting Files";
			sourceTree = "<group>";
		};
		743FEA811840480B00F3162A /* qrrestaurantTests */ = {
			isa = PBXGroup;
			children = (
				743FEA871840480B00F3162A /* qrrestaurantTests.m */,
				743FEA821840480B00F3162A /* Supporting Files */,
			);
			path = qrrestaurantTests;
			sourceTree = "<group>";
		};
		743FEA821840480B00F3162A /* Supporting Files */ = {
			isa = PBXGroup;
			children = (
				743FEA831840480B00F3162A /* qrrestaurantTests-Info.plist */,
				743FEA841840480B00F3162A /* InfoPlist.strings */,
			);
			name = "Supporting Files";
			sourceTree = "<group>";
		};
		743FEA9B18408AF300F3162A /* images */ = {
			isa = PBXGroup;
			children = (
				74F4AF4C1851B3CD0028E6D4 /* 320x480_bgImg.png */,
				74C1BB3818473E96009E44A2 /* item3.png */,
				74C1BB3418473E21009E44A2 /* item1.png */,
				74C1BB3618473E5A009E44A2 /* item2.png */,
				74EDD0CC1844513F007951EE /* red_line_and_shadow.png */,
				74EDD0CD1844513F007951EE /* top_background.png */,
				74EDD0CE1844513F007951EE /* top_channelbutton_shadow.png */,
				743FEAA818408D9300F3162A /* Gestures@2x.png */,
				743FEAA618408D5900F3162A /* Players@2x.png */,
			);
			path = images;
			sourceTree = "<group>";
		};
		743FEAAA184094C300F3162A /* ViewController */ = {
			isa = PBXGroup;
			children = (
				743FEAAB184094D600F3162A /* InitailViewController.h */,
				743FEAAC184094D600F3162A /* InitailViewController.mm */,
				743FEAAE1840975300F3162A /* MyOrdersViewController.h */,
				743FEAAF1840975300F3162A /* MyOrdersViewController.m */,
				74EDD0C918445106007951EE /* MenuListViewController.h */,
				74EDD0CA18445106007951EE /* MenuListViewController.m */,
			);
			path = ViewController;
			sourceTree = "<group>";
		};
		74EDD0BE18445003007951EE /* Vendor */ = {
			isa = PBXGroup;
			children = (
				74EDD0BF18445003007951EE /* SlideSwitch */,
			);
			path = Vendor;
			sourceTree = "<group>";
		};
		74EDD0BF18445003007951EE /* SlideSwitch */ = {
			isa = PBXGroup;
			children = (
				74EDD0C018445003007951EE /* Globle.h */,
				74EDD0C118445003007951EE /* Globle.m */,
				74EDD0C218445003007951EE /* RootScrollView.h */,
				74EDD0C318445003007951EE /* RootScrollView.m */,
				74EDD0C418445003007951EE /* TopScrollView.h */,
				74EDD0C518445003007951EE /* TopScrollView.m */,
			);
			path = SlideSwitch;
			sourceTree = "<group>";
		};
		74EDD0D21844739B007951EE /* TableView */ = {
			isa = PBXGroup;
			children = (
				74EDD0D31844749C007951EE /* MostOrdered.h */,
				74EDD0D41844749C007951EE /* MostOrdered.m */,
				74EDD0DA18448900007951EE /* CategoryList.h */,
				74EDD0DB18448900007951EE /* CategoryList.m */,
				74EDD0DD18448923007951EE /* FullDishesList.h */,
				74EDD0DE18448923007951EE /* FullDishesList.m */,
				74C1BB3118473B63009E44A2 /* RecommendDishes.h */,
				74C1BB3218473B63009E44A2 /* RecommendDishes.m */,
				74E102BA184840810045262D /* DishDetailsView.xib */,
				74E102BC1848427C0045262D /* DishDetailsView.h */,
				74E102BD1848427C0045262D /* DishDetailsView.m */,
			);
			path = TableView;
			sourceTree = "<group>";
		};
		74EDD0D6184483A6007951EE /* Cell */ = {
			isa = PBXGroup;
			children = (
				74EC142A18458D070017CAD2 /* CategoryCell.xib */,
				74EC142B18458D070017CAD2 /* FullDishesCell.xib */,
				74EC142C18458D070017CAD2 /* MostOrderedCell.xib */,
				74C1BB29184738C5009E44A2 /* RecommendCell.xib */,
				74EDD0D7184483BF007951EE /* MostOrderedCell.h */,
				74EDD0D8184483BF007951EE /* MostOrderedCell.m */,
				74EDD0E018448975007951EE /* CategoryCell.h */,
				74EDD0E118448975007951EE /* CategoryCell.m */,
				74EDD0E318449131007951EE /* FullDishesCell.h */,
				74EDD0E418449131007951EE /* FullDishesCell.m */,
				74C1BB2B184738D5009E44A2 /* RecommendCell.h */,
				74C1BB2C184738D5009E44A2 /* RecommendCell.m */,
			);
			path = Cell;
			sourceTree = "<group>";
		};
		74F4AF28185183D20028E6D4 /* Products */ = {
			isa = PBXGroup;
			children = (
				74F4AF2D185183D30028E6D4 /* libZXingWidget.a */,
				74F4AF2F185183D30028E6D4 /* ZXingTests.octest */,
			);
			name = Products;
			sourceTree = "<group>";
		};
/* End PBXGroup section */

/* Begin PBXNativeTarget section */
		743FEA581840480B00F3162A /* qrrestaurant */ = {
			isa = PBXNativeTarget;
			buildConfigurationList = 743FEA8B1840480B00F3162A /* Build configuration list for PBXNativeTarget "qrrestaurant" */;
			buildPhases = (
				743FEA551840480B00F3162A /* Sources */,
				743FEA561840480B00F3162A /* Frameworks */,
				743FEA571840480B00F3162A /* Resources */,
			);
			buildRules = (
			);
			dependencies = (
				74F4AF3C1851AE7E0028E6D4 /* PBXTargetDependency */,
			);
			name = qrrestaurant;
			productName = qrrestaurant;
			productReference = 743FEA591840480B00F3162A /* qrrestaurant.app */;
			productType = "com.apple.product-type.application";
		};
		743FEA791840480B00F3162A /* qrrestaurantTests */ = {
			isa = PBXNativeTarget;
			buildConfigurationList = 743FEA8E1840480B00F3162A /* Build configuration list for PBXNativeTarget "qrrestaurantTests" */;
			buildPhases = (
				743FEA761840480B00F3162A /* Sources */,
				743FEA771840480B00F3162A /* Frameworks */,
				743FEA781840480B00F3162A /* Resources */,
			);
			buildRules = (
			);
			dependencies = (
				743FEA801840480B00F3162A /* PBXTargetDependency */,
			);
			name = qrrestaurantTests;
			productName = qrrestaurantTests;
			productReference = 743FEA7A1840480B00F3162A /* qrrestaurantTests.xctest */;
			productType = "com.apple.product-type.bundle.unit-test";
		};
/* End PBXNativeTarget section */

/* Begin PBXProject section */
		743FEA511840480B00F3162A /* Project object */ = {
			isa = PBXProject;
			attributes = {
				LastUpgradeCheck = 0500;
				ORGANIZATIONNAME = "Boke Technology co., ltd";
				TargetAttributes = {
					743FEA581840480B00F3162A = {
						DevelopmentTeam = 4Q96AE8WXU;
					};
					743FEA791840480B00F3162A = {
						TestTargetID = 743FEA581840480B00F3162A;
					};
				};
			};
			buildConfigurationList = 743FEA541840480B00F3162A /* Build configuration list for PBXProject "qrrestaurant" */;
			compatibilityVersion = "Xcode 3.2";
			developmentRegion = English;
			hasScannedForEncodings = 0;
			knownRegions = (
				en,
				Base,
			);
			mainGroup = 743FEA501840480B00F3162A;
			productRefGroup = 743FEA5A1840480B00F3162A /* Products */;
			projectDirPath = "";
			projectReferences = (
				{
					ProductGroup = 74F4AF28185183D20028E6D4 /* Products */;
					ProjectRef = 74F4AF27185183D20028E6D4 /* ZXingWidget.xcodeproj */;
				},
			);
			projectRoot = "";
			targets = (
				743FEA581840480B00F3162A /* qrrestaurant */,
				743FEA791840480B00F3162A /* qrrestaurantTests */,
			);
		};
/* End PBXProject section */

/* Begin PBXReferenceProxy section */
		74F4AF2D185183D30028E6D4 /* libZXingWidget.a */ = {
			isa = PBXReferenceProxy;
			fileType = archive.ar;
			path = libZXingWidget.a;
			remoteRef = 74F4AF2C185183D30028E6D4 /* PBXContainerItemProxy */;
			sourceTree = BUILT_PRODUCTS_DIR;
		};
		74F4AF2F185183D30028E6D4 /* ZXingTests.octest */ = {
			isa = PBXReferenceProxy;
			fileType = wrapper.cfbundle;
			path = ZXingTests.octest;
			remoteRef = 74F4AF2E185183D30028E6D4 /* PBXContainerItemProxy */;
			sourceTree = BUILT_PRODUCTS_DIR;
		};
/* End PBXReferenceProxy section */

/* Begin PBXResourcesBuildPhase section */
		743FEA571840480B00F3162A /* Resources */ = {
			isa = PBXResourcesBuildPhase;
			buildActionMask = 2147483647;
			files = (
				743FEAA718408D5900F3162A /* Players@2x.png in Resources */,
				743FEA751840480B00F3162A /* Images.xcassets in Resources */,
				74C1BB2A184738C5009E44A2 /* RecommendCell.xib in Resources */,
				743FEA671840480B00F3162A /* InfoPlist.strings in Resources */,
				74C1BB3518473E21009E44A2 /* item1.png in Resources */,
				74EDD0D11844513F007951EE /* top_channelbutton_shadow.png in Resources */,
				74E102BB184840820045262D /* DishDetailsView.xib in Resources */,
				74EC142D18458D070017CAD2 /* CategoryCell.xib in Resources */,
				74EC142E18458D070017CAD2 /* FullDishesCell.xib in Resources */,
				743FEAA918408D9300F3162A /* Gestures@2x.png in Resources */,
				74EC142F18458D070017CAD2 /* MostOrderedCell.xib in Resources */,
				74C1BB2818471606009E44A2 /* icon.png in Resources */,
				74F4AF4D1851B3CD0028E6D4 /* 320x480_bgImg.png in Resources */,
				74C1BB3718473E5A009E44A2 /* item2.png in Resources */,
				74EDD0D01844513F007951EE /* top_background.png in Resources */,
				743FEA701840480B00F3162A /* Main.storyboard in Resources */,
				74C1BB3918473E96009E44A2 /* item3.png in Resources */,
				74EDD0CF1844513F007951EE /* red_line_and_shadow.png in Resources */,
			);
			runOnlyForDeploymentPostprocessing = 0;
		};
		743FEA781840480B00F3162A /* Resources */ = {
			isa = PBXResourcesBuildPhase;
			buildActionMask = 2147483647;
			files = (
				743FEA861840480B00F3162A /* InfoPlist.strings in Resources */,
			);
			runOnlyForDeploymentPostprocessing = 0;
		};
/* End PBXResourcesBuildPhase section */

/* Begin PBXSourcesBuildPhase section */
		743FEA551840480B00F3162A /* Sources */ = {
			isa = PBXSourcesBuildPhase;
			buildActionMask = 2147483647;
			files = (
				74E102BE1848427C0045262D /* DishDetailsView.m in Sources */,
				74EDD0C618445003007951EE /* Globle.m in Sources */,
				743FEA6D1840480B00F3162A /* AppDelegate.m in Sources */,
				74C1BB2D184738D5009E44A2 /* RecommendCell.m in Sources */,
				74EDD0E518449131007951EE /* FullDishesCell.m in Sources */,
				743FEA691840480B00F3162A /* main.m in Sources */,
				74EDD0DC18448900007951EE /* CategoryList.m in Sources */,
				74C1BB3318473B63009E44A2 /* RecommendDishes.m in Sources */,
				74EDD0D51844749C007951EE /* MostOrdered.m in Sources */,
				74EDD0E218448975007951EE /* CategoryCell.m in Sources */,
				74EDD0CB18445106007951EE /* MenuListViewController.m in Sources */,
				743FEAAD184094D600F3162A /* InitailViewController.mm in Sources */,
				743FEAB01840975300F3162A /* MyOrdersViewController.m in Sources */,
				74EDD0C718445003007951EE /* RootScrollView.m in Sources */,
				74EDD0D9184483BF007951EE /* MostOrderedCell.m in Sources */,
				74EDD0DF18448923007951EE /* FullDishesList.m in Sources */,
				74EDD0C818445003007951EE /* TopScrollView.m in Sources */,
			);
			runOnlyForDeploymentPostprocessing = 0;
		};
		743FEA761840480B00F3162A /* Sources */ = {
			isa = PBXSourcesBuildPhase;
			buildActionMask = 2147483647;
			files = (
				743FEA881840480B00F3162A /* qrrestaurantTests.m in Sources */,
			);
			runOnlyForDeploymentPostprocessing = 0;
		};
/* End PBXSourcesBuildPhase section */

/* Begin PBXTargetDependency section */
		743FEA801840480B00F3162A /* PBXTargetDependency */ = {
			isa = PBXTargetDependency;
			target = 743FEA581840480B00F3162A /* qrrestaurant */;
			targetProxy = 743FEA7F1840480B00F3162A /* PBXContainerItemProxy */;
		};
		74F4AF3C1851AE7E0028E6D4 /* PBXTargetDependency */ = {
			isa = PBXTargetDependency;
			name = ZXingWidget;
			targetProxy = 74F4AF3B1851AE7E0028E6D4 /* PBXContainerItemProxy */;
		};
/* End PBXTargetDependency section */

/* Begin PBXVariantGroup section */
		743FEA651840480B00F3162A /* InfoPlist.strings */ = {
			isa = PBXVariantGroup;
			children = (
				743FEA661840480B00F3162A /* en */,
			);
			name = InfoPlist.strings;
			sourceTree = "<group>";
		};
		743FEA6E1840480B00F3162A /* Main.storyboard */ = {
			isa = PBXVariantGroup;
			children = (
				743FEA6F1840480B00F3162A /* Base */,
			);
			name = Main.storyboard;
			sourceTree = "<group>";
		};
		743FEA841840480B00F3162A /* InfoPlist.strings */ = {
			isa = PBXVariantGroup;
			children = (
				743FEA851840480B00F3162A /* en */,
			);
			name = InfoPlist.strings;
			sourceTree = "<group>";
		};
/* End PBXVariantGroup section */

/* Begin XCBuildConfiguration section */
		743FEA891840480B00F3162A /* Debug */ = {
			isa = XCBuildConfiguration;
			buildSettings = {
				ALWAYS_SEARCH_USER_PATHS = NO;
				ARCHS = "$(ARCHS_STANDARD_INCLUDING_64_BIT)";
				CLANG_CXX_LANGUAGE_STANDARD = "gnu++0x";
				CLANG_CXX_LIBRARY = "libc++";
				CLANG_ENABLE_MODULES = YES;
				CLANG_ENABLE_OBJC_ARC = YES;
				CLANG_WARN_BOOL_CONVERSION = YES;
				CLANG_WARN_CONSTANT_CONVERSION = YES;
				CLANG_WARN_DIRECT_OBJC_ISA_USAGE = YES_ERROR;
				CLANG_WARN_EMPTY_BODY = YES;
				CLANG_WARN_ENUM_CONVERSION = YES;
				CLANG_WARN_INT_CONVERSION = YES;
				CLANG_WARN_OBJC_ROOT_CLASS = YES_ERROR;
				CLANG_WARN__DUPLICATE_METHOD_MATCH = YES;
				"CODE_SIGN_IDENTITY[sdk=iphoneos*]" = "iPhone Developer";
				COPY_PHASE_STRIP = NO;
				GCC_C_LANGUAGE_STANDARD = gnu99;
				GCC_DYNAMIC_NO_PIC = NO;
				GCC_OPTIMIZATION_LEVEL = 0;
				GCC_PREPROCESSOR_DEFINITIONS = (
					"DEBUG=1",
					"$(inherited)",
				);
				GCC_SYMBOLS_PRIVATE_EXTERN = NO;
				GCC_WARN_64_TO_32_BIT_CONVERSION = YES;
				GCC_WARN_ABOUT_RETURN_TYPE = YES_ERROR;
				GCC_WARN_UNDECLARED_SELECTOR = YES;
				GCC_WARN_UNINITIALIZED_AUTOS = YES;
				GCC_WARN_UNUSED_FUNCTION = YES;
				GCC_WARN_UNUSED_VARIABLE = YES;
				IPHONEOS_DEPLOYMENT_TARGET = 6.1;
				ONLY_ACTIVE_ARCH = YES;
				SDKROOT = iphoneos;
			};
			name = Debug;
		};
		743FEA8A1840480B00F3162A /* Release */ = {
			isa = XCBuildConfiguration;
			buildSettings = {
				ALWAYS_SEARCH_USER_PATHS = NO;
				ARCHS = "$(ARCHS_STANDARD_INCLUDING_64_BIT)";
				CLANG_CXX_LANGUAGE_STANDARD = "gnu++0x";
				CLANG_CXX_LIBRARY = "libc++";
				CLANG_ENABLE_MODULES = YES;
				CLANG_ENABLE_OBJC_ARC = YES;
				CLANG_WARN_BOOL_CONVERSION = YES;
				CLANG_WARN_CONSTANT_CONVERSION = YES;
				CLANG_WARN_DIRECT_OBJC_ISA_USAGE = YES_ERROR;
				CLANG_WARN_EMPTY_BODY = YES;
				CLANG_WARN_ENUM_CONVERSION = YES;
				CLANG_WARN_INT_CONVERSION = YES;
				CLANG_WARN_OBJC_ROOT_CLASS = YES_ERROR;
				CLANG_WARN__DUPLICATE_METHOD_MATCH = YES;
				"CODE_SIGN_IDENTITY[sdk=iphoneos*]" = "iPhone Developer";
				COPY_PHASE_STRIP = YES;
				ENABLE_NS_ASSERTIONS = NO;
				GCC_C_LANGUAGE_STANDARD = gnu99;
				GCC_WARN_64_TO_32_BIT_CONVERSION = YES;
				GCC_WARN_ABOUT_RETURN_TYPE = YES_ERROR;
				GCC_WARN_UNDECLARED_SELECTOR = YES;
				GCC_WARN_UNINITIALIZED_AUTOS = YES;
				GCC_WARN_UNUSED_FUNCTION = YES;
				GCC_WARN_UNUSED_VARIABLE = YES;
				IPHONEOS_DEPLOYMENT_TARGET = 6.1;
				SDKROOT = iphoneos;
				VALIDATE_PRODUCT = YES;
			};
			name = Release;
		};
		743FEA8C1840480B00F3162A /* Debug */ = {
			isa = XCBuildConfiguration;
			buildSettings = {
				ASSETCATALOG_COMPILER_APPICON_NAME = AppIcon;
				ASSETCATALOG_COMPILER_LAUNCHIMAGE_NAME = LaunchImage;
				CLANG_CXX_LANGUAGE_STANDARD = "compiler-default";
				CLANG_CXX_LIBRARY = "compiler-default";
				CODE_SIGN_IDENTITY = "iPhone Developer";
				GCC_C_LANGUAGE_STANDARD = "compiler-default";
				GCC_PRECOMPILE_PREFIX_HEADER = YES;
				GCC_PREFIX_HEADER = "qrrestaurant/qrrestaurant-Prefix.pch";
				HEADER_SEARCH_PATHS = (
					"$(inherited)",
					/Applications/Xcode.app/Contents/Developer/Toolchains/XcodeDefault.xctoolchain/usr/include,
					./zxing/cpp/core/src,
					"./zxing/iphone/ZXingWidget/Classes/**",
				);
				INFOPLIST_FILE = "qrrestaurant/qrrestaurant-Info.plist";
				IPHONEOS_DEPLOYMENT_TARGET = 6.1;
				PRODUCT_NAME = "$(TARGET_NAME)";
				WRAPPER_EXTENSION = app;
			};
			name = Debug;
		};
		743FEA8D1840480B00F3162A /* Release */ = {
			isa = XCBuildConfiguration;
			buildSettings = {
				ASSETCATALOG_COMPILER_APPICON_NAME = AppIcon;
				ASSETCATALOG_COMPILER_LAUNCHIMAGE_NAME = LaunchImage;
				CLANG_CXX_LANGUAGE_STANDARD = "compiler-default";
				CLANG_CXX_LIBRARY = "compiler-default";
				CODE_SIGN_IDENTITY = "iPhone Developer";
				GCC_C_LANGUAGE_STANDARD = "compiler-default";
				GCC_PRECOMPILE_PREFIX_HEADER = YES;
				GCC_PREFIX_HEADER = "qrrestaurant/qrrestaurant-Prefix.pch";
				HEADER_SEARCH_PATHS = (
					"$(inherited)",
					/Applications/Xcode.app/Contents/Developer/Toolchains/XcodeDefault.xctoolchain/usr/include,
					./zxing/cpp/core/src,
					"./zxing/iphone/ZXingWidget/Classes/**",
				);
				INFOPLIST_FILE = "qrrestaurant/qrrestaurant-Info.plist";
				IPHONEOS_DEPLOYMENT_TARGET = 6.1;
				PRODUCT_NAME = "$(TARGET_NAME)";
				WRAPPER_EXTENSION = app;
			};
			name = Release;
		};
		743FEA8F1840480B00F3162A /* Debug */ = {
			isa = XCBuildConfiguration;
			buildSettings = {
				ARCHS = "$(ARCHS_STANDARD_INCLUDING_64_BIT)";
				BUNDLE_LOADER = "$(BUILT_PRODUCTS_DIR)/qrrestaurant.app/qrrestaurant";
				FRAMEWORK_SEARCH_PATHS = (
					"$(SDKROOT)/Developer/Library/Frameworks",
					"$(inherited)",
					"$(DEVELOPER_FRAMEWORKS_DIR)",
				);
				GCC_PRECOMPILE_PREFIX_HEADER = YES;
				GCC_PREFIX_HEADER = "qrrestaurant/qrrestaurant-Prefix.pch";
				GCC_PREPROCESSOR_DEFINITIONS = (
					"DEBUG=1",
					"$(inherited)",
				);
				INFOPLIST_FILE = "qrrestaurantTests/qrrestaurantTests-Info.plist";
				PRODUCT_NAME = "$(TARGET_NAME)";
				TEST_HOST = "$(BUNDLE_LOADER)";
				WRAPPER_EXTENSION = xctest;
			};
			name = Debug;
		};
		743FEA901840480B00F3162A /* Release */ = {
			isa = XCBuildConfiguration;
			buildSettings = {
				ARCHS = "$(ARCHS_STANDARD_INCLUDING_64_BIT)";
				BUNDLE_LOADER = "$(BUILT_PRODUCTS_DIR)/qrrestaurant.app/qrrestaurant";
				FRAMEWORK_SEARCH_PATHS = (
					"$(SDKROOT)/Developer/Library/Frameworks",
					"$(inherited)",
					"$(DEVELOPER_FRAMEWORKS_DIR)",
				);
				GCC_PRECOMPILE_PREFIX_HEADER = YES;
				GCC_PREFIX_HEADER = "qrrestaurant/qrrestaurant-Prefix.pch";
				INFOPLIST_FILE = "qrrestaurantTests/qrrestaurantTests-Info.plist";
				PRODUCT_NAME = "$(TARGET_NAME)";
				TEST_HOST = "$(BUNDLE_LOADER)";
				WRAPPER_EXTENSION = xctest;
			};
			name = Release;
		};
/* End XCBuildConfiguration section */

/* Begin XCConfigurationList section */
		743FEA541840480B00F3162A /* Build configuration list for PBXProject "qrrestaurant" */ = {
			isa = XCConfigurationList;
			buildConfigurations = (
				743FEA891840480B00F3162A /* Debug */,
				743FEA8A1840480B00F3162A /* Release */,
			);
			defaultConfigurationIsVisible = 0;
			defaultConfigurationName = Release;
		};
		743FEA8B1840480B00F3162A /* Build configuration list for PBXNativeTarget "qrrestaurant" */ = {
			isa = XCConfigurationList;
			buildConfigurations = (
				743FEA8C1840480B00F3162A /* Debug */,
				743FEA8D1840480B00F3162A /* Release */,
			);
			defaultConfigurationIsVisible = 0;
			defaultConfigurationName = Release;
		};
		743FEA8E1840480B00F3162A /* Build configuration list for PBXNativeTarget "qrrestaurantTests" */ = {
			isa = XCConfigurationList;
			buildConfigurations = (
				743FEA8F1840480B00F3162A /* Debug */,
				743FEA901840480B00F3162A /* Release */,
			);
			defaultConfigurationIsVisible = 0;
			defaultConfigurationName = Release;
		};
/* End XCConfigurationList section */
	};
	rootObject = 743FEA511840480B00F3162A /* Project object */;
}
